
Microsoft Visual Studio Solution File, Format Version 12.00
# Visual Studio Version 17
VisualStudioVersion = 17.0.31903.59
MinimumVisualStudioVersion = 10.0.40219.1
Project("{FAE04EC0-301F-11D3-BF4B-00C04F79EFBC}") = "AzureDT_Car", "AzureDT_Car\AzureDT_Car.csproj", "{82A2459B-CE35-4E45-AEC7-359C702000A7}"
EndProject
Global
	GlobalSection(SolutionConfigurationPlatforms) = preSolution
		Debug|Any CPU = Debug|Any CPU
		Release|Any CPU = Release|Any CPU
	EndGlobalSection
	GlobalSection(SolutionProperties) = preSolution
		HideSolutionNode = FALSE
	EndGlobalSection
	GlobalSection(ProjectConfigurationPlatforms) = postSolution
		{82A2459B-CE35-4E45-AEC7-359C702000A7}.Debug|Any CPU.ActiveCfg = Debug|Any CPU
		{82A2459B-CE35-4E45-AEC7-359C702000A7}.Debug|Any CPU.Build.0 = Debug|Any CPU
		{82A2459B-CE35-4E45-AEC7-359C702000A7}.Release|Any CPU.ActiveCfg = Release|Any CPU
		{82A2459B-CE35-4E45-AEC7-359C702000A7}.Release|Any CPU.Build.0 = Release|Any CPU
	EndGlobalSection
EndGlobal
